
Microsoft Visual Studio Solution File, Format Version 12.00
# Visual Studio 15
VisualStudioVersion = 15.0.25928.0
MinimumVisualStudioVersion = 10.0.40219.1
Project("{FAE04EC0-301F-11D3-BF4B-00C04F79EFBC}") = "FunctionF", "FunctionF\FunctionF.csproj", "{15AD103B-18DD-4B8B-9B1E-AA9C47547299}"
EndProject
Project("{FAE04EC0-301F-11D3-BF4B-00C04F79EFBC}") = "ImperativeApproach", "ImperativeApproach\ImperativeApproach.csproj", "{7702C80B-45DA-4C5A-89A6-D2141E9197FE}"
EndProject
Global
	GlobalSection(SolutionConfigurationPlatforms) = preSolution
		Debug|Any CPU = Debug|Any CPU
		Release|Any CPU = Release|Any CPU
	EndGlobalSection
	GlobalSection(ProjectConfigurationPlatforms) = postSolution
		{15AD103B-18DD-4B8B-9B1E-AA9C47547299}.Debug|Any CPU.ActiveCfg = Debug|Any CPU
		{15AD103B-18DD-4B8B-9B1E-AA9C47547299}.Debug|Any CPU.Build.0 = Debug|Any CPU
		{15AD103B-18DD-4B8B-9B1E-AA9C47547299}.Release|Any CPU.ActiveCfg = Release|Any CPU
		{15AD103B-18DD-4B8B-9B1E-AA9C47547299}.Release|Any CPU.Build.0 = Release|Any CPU
		{7702C80B-45DA-4C5A-89A6-D2141E9197FE}.Debug|Any CPU.ActiveCfg = Debug|Any CPU
		{7702C80B-45DA-4C5A-89A6-D2141E9197FE}.Debug|Any CPU.Build.0 = Debug|Any CPU
		{7702C80B-45DA-4C5A-89A6-D2141E9197FE}.Release|Any CPU.ActiveCfg = Release|Any CPU
		{7702C80B-45DA-4C5A-89A6-D2141E9197FE}.Release|Any CPU.Build.0 = Release|Any CPU
	EndGlobalSection
	GlobalSection(SolutionProperties) = preSolution
		HideSolutionNode = FALSE
	EndGlobalSection
EndGlobal
