
Microsoft Visual Studio Solution File, Format Version 12.00
# Visual Studio 15
VisualStudioVersion = 15.0.25928.0
MinimumVisualStudioVersion = 10.0.40219.1
Project("{FAE04EC0-301F-11D3-BF4B-00C04F79EFBC}") = "SimpleDelegates", "SimpleDelegates\SimpleDelegates.csproj", "{8960A0D2-827A-45DC-9366-5383403E7239}"
EndProject
Project("{FAE04EC0-301F-11D3-BF4B-00C04F79EFBC}") = "CombineDelegates", "CombineDelegates\CombineDelegates.csproj", "{AA787A74-D360-45DF-93AB-67D7C4F44364}"
EndProject
Project("{FAE04EC0-301F-11D3-BF4B-00C04F79EFBC}") = "AddSubtractDelegates", "AddSubtractDelegates\AddSubtractDelegates.csproj", "{90B72C08-A336-4A6E-99D2-74C755FF07B9}"
EndProject
Global
	GlobalSection(SolutionConfigurationPlatforms) = preSolution
		Debug|Any CPU = Debug|Any CPU
		Release|Any CPU = Release|Any CPU
	EndGlobalSection
	GlobalSection(ProjectConfigurationPlatforms) = postSolution
		{8960A0D2-827A-45DC-9366-5383403E7239}.Debug|Any CPU.ActiveCfg = Debug|Any CPU
		{8960A0D2-827A-45DC-9366-5383403E7239}.Debug|Any CPU.Build.0 = Debug|Any CPU
		{8960A0D2-827A-45DC-9366-5383403E7239}.Release|Any CPU.ActiveCfg = Release|Any CPU
		{8960A0D2-827A-45DC-9366-5383403E7239}.Release|Any CPU.Build.0 = Release|Any CPU
		{AA787A74-D360-45DF-93AB-67D7C4F44364}.Debug|Any CPU.ActiveCfg = Debug|Any CPU
		{AA787A74-D360-45DF-93AB-67D7C4F44364}.Debug|Any CPU.Build.0 = Debug|Any CPU
		{AA787A74-D360-45DF-93AB-67D7C4F44364}.Release|Any CPU.ActiveCfg = Release|Any CPU
		{AA787A74-D360-45DF-93AB-67D7C4F44364}.Release|Any CPU.Build.0 = Release|Any CPU
		{90B72C08-A336-4A6E-99D2-74C755FF07B9}.Debug|Any CPU.ActiveCfg = Debug|Any CPU
		{90B72C08-A336-4A6E-99D2-74C755FF07B9}.Debug|Any CPU.Build.0 = Debug|Any CPU
		{90B72C08-A336-4A6E-99D2-74C755FF07B9}.Release|Any CPU.ActiveCfg = Release|Any CPU
		{90B72C08-A336-4A6E-99D2-74C755FF07B9}.Release|Any CPU.Build.0 = Release|Any CPU
	EndGlobalSection
	GlobalSection(SolutionProperties) = preSolution
		HideSolutionNode = FALSE
	EndGlobalSection
EndGlobal
