
Microsoft Visual Studio Solution File, Format Version 12.00
# Visual Studio 15
VisualStudioVersion = 15.0.25928.0
MinimumVisualStudioVersion = 10.0.40219.1
Project("{FAE04EC0-301F-11D3-BF4B-00C04F79EFBC}") = "SimpleLazyEvaluation", "SimpleLazyEvaluation\SimpleLazyEvaluation.csproj", "{39135953-A840-4499-B75F-EF78AEFC5722}"
EndProject
Project("{FAE04EC0-301F-11D3-BF4B-00C04F79EFBC}") = "NonStrictEvaluation", "NonStrictEvaluation\NonStrictEvaluation.csproj", "{5C2C3515-BCAD-4AFB-9553-27500BDCEB56}"
EndProject
Project("{FAE04EC0-301F-11D3-BF4B-00C04F79EFBC}") = "LazyInitialization", "LazyInitialization\LazyInitialization.csproj", "{3B55CD32-028E-4691-B2B3-8CF7062E78B7}"
EndProject
Project("{FAE04EC0-301F-11D3-BF4B-00C04F79EFBC}") = "LazyEnumeration", "LazyEnumeration\LazyEnumeration.csproj", "{D3E90867-AC79-4DB3-86F1-2CCED0FD5DCA}"
EndProject
Global
	GlobalSection(SolutionConfigurationPlatforms) = preSolution
		Debug|Any CPU = Debug|Any CPU
		Release|Any CPU = Release|Any CPU
	EndGlobalSection
	GlobalSection(ProjectConfigurationPlatforms) = postSolution
		{39135953-A840-4499-B75F-EF78AEFC5722}.Debug|Any CPU.ActiveCfg = Debug|Any CPU
		{39135953-A840-4499-B75F-EF78AEFC5722}.Debug|Any CPU.Build.0 = Debug|Any CPU
		{39135953-A840-4499-B75F-EF78AEFC5722}.Release|Any CPU.ActiveCfg = Release|Any CPU
		{39135953-A840-4499-B75F-EF78AEFC5722}.Release|Any CPU.Build.0 = Release|Any CPU
		{5C2C3515-BCAD-4AFB-9553-27500BDCEB56}.Debug|Any CPU.ActiveCfg = Debug|Any CPU
		{5C2C3515-BCAD-4AFB-9553-27500BDCEB56}.Debug|Any CPU.Build.0 = Debug|Any CPU
		{5C2C3515-BCAD-4AFB-9553-27500BDCEB56}.Release|Any CPU.ActiveCfg = Release|Any CPU
		{5C2C3515-BCAD-4AFB-9553-27500BDCEB56}.Release|Any CPU.Build.0 = Release|Any CPU
		{3B55CD32-028E-4691-B2B3-8CF7062E78B7}.Debug|Any CPU.ActiveCfg = Debug|Any CPU
		{3B55CD32-028E-4691-B2B3-8CF7062E78B7}.Debug|Any CPU.Build.0 = Debug|Any CPU
		{3B55CD32-028E-4691-B2B3-8CF7062E78B7}.Release|Any CPU.ActiveCfg = Release|Any CPU
		{3B55CD32-028E-4691-B2B3-8CF7062E78B7}.Release|Any CPU.Build.0 = Release|Any CPU
		{D3E90867-AC79-4DB3-86F1-2CCED0FD5DCA}.Debug|Any CPU.ActiveCfg = Debug|Any CPU
		{D3E90867-AC79-4DB3-86F1-2CCED0FD5DCA}.Debug|Any CPU.Build.0 = Debug|Any CPU
		{D3E90867-AC79-4DB3-86F1-2CCED0FD5DCA}.Release|Any CPU.ActiveCfg = Release|Any CPU
		{D3E90867-AC79-4DB3-86F1-2CCED0FD5DCA}.Release|Any CPU.Build.0 = Release|Any CPU
	EndGlobalSection
	GlobalSection(SolutionProperties) = preSolution
		HideSolutionNode = FALSE
	EndGlobalSection
EndGlobal
