
Microsoft Visual Studio Solution File, Format Version 12.00
# Visual Studio 15
VisualStudioVersion = 15.0.25928.0
MinimumVisualStudioVersion = 10.0.40219.1
Project("{FAE04EC0-301F-11D3-BF4B-00C04F79EFBC}") = "HonestSignature", "HonestSignature\HonestSignature.csproj", "{03B06C4D-8F7B-4487-829C-AD5E39B68884}"
EndProject
Global
	GlobalSection(SolutionConfigurationPlatforms) = preSolution
		Debug|Any CPU = Debug|Any CPU
		Release|Any CPU = Release|Any CPU
	EndGlobalSection
	GlobalSection(ProjectConfigurationPlatforms) = postSolution
		{03B06C4D-8F7B-4487-829C-AD5E39B68884}.Debug|Any CPU.ActiveCfg = Debug|Any CPU
		{03B06C4D-8F7B-4487-829C-AD5E39B68884}.Debug|Any CPU.Build.0 = Debug|Any CPU
		{03B06C4D-8F7B-4487-829C-AD5E39B68884}.Release|Any CPU.ActiveCfg = Release|Any CPU
		{03B06C4D-8F7B-4487-829C-AD5E39B68884}.Release|Any CPU.Build.0 = Release|Any CPU
	EndGlobalSection
	GlobalSection(SolutionProperties) = preSolution
		HideSolutionNode = FALSE
	EndGlobalSection
EndGlobal
