
Microsoft Visual Studio Solution File, Format Version 12.00
# Visual Studio 15
VisualStudioVersion = 15.0.26014.0
MinimumVisualStudioVersion = 10.0.40219.1
Project("{FAE04EC0-301F-11D3-BF4B-00C04F79EFBC}") = "AccumulatorPassingStyle", "AccumulatorPassingStyle\AccumulatorPassingStyle.csproj", "{D3657950-1E9D-41E2-9466-FC157837ACC2}"
EndProject
Project("{FAE04EC0-301F-11D3-BF4B-00C04F79EFBC}") = "AggregateExample", "AggregateExample\AggregateExample.csproj", "{38BDA3B0-D28F-47D4-A2EF-001E22708F3A}"
EndProject
Project("{FAE04EC0-301F-11D3-BF4B-00C04F79EFBC}") = "ContinuationPassingStyle", "ContinuationPassingStyle\ContinuationPassingStyle.csproj", "{F426298F-489E-48FE-AF56-44663C2DC65D}"
EndProject
Project("{FAE04EC0-301F-11D3-BF4B-00C04F79EFBC}") = "IndirectRecursion", "IndirectRecursion\IndirectRecursion.csproj", "{84324C01-0A37-4768-A227-0EC632F94CCF}"
EndProject
Project("{FAE04EC0-301F-11D3-BF4B-00C04F79EFBC}") = "RecursionUsingAggregate", "RecursionUsingAggregate\RecursionUsingAggregate.csproj", "{29EE2249-EECA-4D67-B15B-89CD95E34B2A}"
EndProject
Project("{FAE04EC0-301F-11D3-BF4B-00C04F79EFBC}") = "RefactoringIterationToRecursion", "RefactoringIterationToRecursion\RefactoringIterationToRecursion.csproj", "{55B4F0AE-6550-4907-A34C-57508C859CAC}"
EndProject
Project("{FAE04EC0-301F-11D3-BF4B-00C04F79EFBC}") = "SimpleRecursion", "SimpleRecursion\SimpleRecursion.csproj", "{3019FE4B-70BB-457E-A811-26B277F0F321}"
EndProject
Project("{FAE04EC0-301F-11D3-BF4B-00C04F79EFBC}") = "TailRecursion", "TailRecursion\TailRecursion.csproj", "{22D10D67-A965-4DE1-8873-3FE7002A6685}"
EndProject
Global
	GlobalSection(SolutionConfigurationPlatforms) = preSolution
		Debug|Any CPU = Debug|Any CPU
		Debug|x64 = Debug|x64
		Debug|x86 = Debug|x86
		Release|Any CPU = Release|Any CPU
		Release|x64 = Release|x64
		Release|x86 = Release|x86
	EndGlobalSection
	GlobalSection(ProjectConfigurationPlatforms) = postSolution
		{D3657950-1E9D-41E2-9466-FC157837ACC2}.Debug|Any CPU.ActiveCfg = Debug|Any CPU
		{D3657950-1E9D-41E2-9466-FC157837ACC2}.Debug|Any CPU.Build.0 = Debug|Any CPU
		{D3657950-1E9D-41E2-9466-FC157837ACC2}.Debug|x64.ActiveCfg = Debug|x64
		{D3657950-1E9D-41E2-9466-FC157837ACC2}.Debug|x64.Build.0 = Debug|x64
		{D3657950-1E9D-41E2-9466-FC157837ACC2}.Debug|x86.ActiveCfg = Debug|x86
		{D3657950-1E9D-41E2-9466-FC157837ACC2}.Debug|x86.Build.0 = Debug|x86
		{D3657950-1E9D-41E2-9466-FC157837ACC2}.Release|Any CPU.ActiveCfg = Release|Any CPU
		{D3657950-1E9D-41E2-9466-FC157837ACC2}.Release|Any CPU.Build.0 = Release|Any CPU
		{D3657950-1E9D-41E2-9466-FC157837ACC2}.Release|x64.ActiveCfg = Release|x64
		{D3657950-1E9D-41E2-9466-FC157837ACC2}.Release|x64.Build.0 = Release|x64
		{D3657950-1E9D-41E2-9466-FC157837ACC2}.Release|x86.ActiveCfg = Release|x86
		{D3657950-1E9D-41E2-9466-FC157837ACC2}.Release|x86.Build.0 = Release|x86
		{38BDA3B0-D28F-47D4-A2EF-001E22708F3A}.Debug|Any CPU.ActiveCfg = Debug|Any CPU
		{38BDA3B0-D28F-47D4-A2EF-001E22708F3A}.Debug|Any CPU.Build.0 = Debug|Any CPU
		{38BDA3B0-D28F-47D4-A2EF-001E22708F3A}.Debug|x64.ActiveCfg = Debug|x64
		{38BDA3B0-D28F-47D4-A2EF-001E22708F3A}.Debug|x64.Build.0 = Debug|x64
		{38BDA3B0-D28F-47D4-A2EF-001E22708F3A}.Debug|x86.ActiveCfg = Debug|x86
		{38BDA3B0-D28F-47D4-A2EF-001E22708F3A}.Debug|x86.Build.0 = Debug|x86
		{38BDA3B0-D28F-47D4-A2EF-001E22708F3A}.Release|Any CPU.ActiveCfg = Release|Any CPU
		{38BDA3B0-D28F-47D4-A2EF-001E22708F3A}.Release|Any CPU.Build.0 = Release|Any CPU
		{38BDA3B0-D28F-47D4-A2EF-001E22708F3A}.Release|x64.ActiveCfg = Release|x64
		{38BDA3B0-D28F-47D4-A2EF-001E22708F3A}.Release|x64.Build.0 = Release|x64
		{38BDA3B0-D28F-47D4-A2EF-001E22708F3A}.Release|x86.ActiveCfg = Release|x86
		{38BDA3B0-D28F-47D4-A2EF-001E22708F3A}.Release|x86.Build.0 = Release|x86
		{F426298F-489E-48FE-AF56-44663C2DC65D}.Debug|Any CPU.ActiveCfg = Debug|Any CPU
		{F426298F-489E-48FE-AF56-44663C2DC65D}.Debug|Any CPU.Build.0 = Debug|Any CPU
		{F426298F-489E-48FE-AF56-44663C2DC65D}.Debug|x64.ActiveCfg = Debug|x64
		{F426298F-489E-48FE-AF56-44663C2DC65D}.Debug|x64.Build.0 = Debug|x64
		{F426298F-489E-48FE-AF56-44663C2DC65D}.Debug|x86.ActiveCfg = Debug|x86
		{F426298F-489E-48FE-AF56-44663C2DC65D}.Debug|x86.Build.0 = Debug|x86
		{F426298F-489E-48FE-AF56-44663C2DC65D}.Release|Any CPU.ActiveCfg = Release|Any CPU
		{F426298F-489E-48FE-AF56-44663C2DC65D}.Release|Any CPU.Build.0 = Release|Any CPU
		{F426298F-489E-48FE-AF56-44663C2DC65D}.Release|x64.ActiveCfg = Release|x64
		{F426298F-489E-48FE-AF56-44663C2DC65D}.Release|x64.Build.0 = Release|x64
		{F426298F-489E-48FE-AF56-44663C2DC65D}.Release|x86.ActiveCfg = Release|x86
		{F426298F-489E-48FE-AF56-44663C2DC65D}.Release|x86.Build.0 = Release|x86
		{84324C01-0A37-4768-A227-0EC632F94CCF}.Debug|Any CPU.ActiveCfg = Debug|Any CPU
		{84324C01-0A37-4768-A227-0EC632F94CCF}.Debug|Any CPU.Build.0 = Debug|Any CPU
		{84324C01-0A37-4768-A227-0EC632F94CCF}.Debug|x64.ActiveCfg = Debug|x64
		{84324C01-0A37-4768-A227-0EC632F94CCF}.Debug|x64.Build.0 = Debug|x64
		{84324C01-0A37-4768-A227-0EC632F94CCF}.Debug|x86.ActiveCfg = Debug|x86
		{84324C01-0A37-4768-A227-0EC632F94CCF}.Debug|x86.Build.0 = Debug|x86
		{84324C01-0A37-4768-A227-0EC632F94CCF}.Release|Any CPU.ActiveCfg = Release|Any CPU
		{84324C01-0A37-4768-A227-0EC632F94CCF}.Release|Any CPU.Build.0 = Release|Any CPU
		{84324C01-0A37-4768-A227-0EC632F94CCF}.Release|x64.ActiveCfg = Release|x64
		{84324C01-0A37-4768-A227-0EC632F94CCF}.Release|x64.Build.0 = Release|x64
		{84324C01-0A37-4768-A227-0EC632F94CCF}.Release|x86.ActiveCfg = Release|x86
		{84324C01-0A37-4768-A227-0EC632F94CCF}.Release|x86.Build.0 = Release|x86
		{29EE2249-EECA-4D67-B15B-89CD95E34B2A}.Debug|Any CPU.ActiveCfg = Debug|Any CPU
		{29EE2249-EECA-4D67-B15B-89CD95E34B2A}.Debug|Any CPU.Build.0 = Debug|Any CPU
		{29EE2249-EECA-4D67-B15B-89CD95E34B2A}.Debug|x64.ActiveCfg = Debug|x64
		{29EE2249-EECA-4D67-B15B-89CD95E34B2A}.Debug|x64.Build.0 = Debug|x64
		{29EE2249-EECA-4D67-B15B-89CD95E34B2A}.Debug|x86.ActiveCfg = Debug|x86
		{29EE2249-EECA-4D67-B15B-89CD95E34B2A}.Debug|x86.Build.0 = Debug|x86
		{29EE2249-EECA-4D67-B15B-89CD95E34B2A}.Release|Any CPU.ActiveCfg = Release|Any CPU
		{29EE2249-EECA-4D67-B15B-89CD95E34B2A}.Release|Any CPU.Build.0 = Release|Any CPU
		{29EE2249-EECA-4D67-B15B-89CD95E34B2A}.Release|x64.ActiveCfg = Release|x64
		{29EE2249-EECA-4D67-B15B-89CD95E34B2A}.Release|x64.Build.0 = Release|x64
		{29EE2249-EECA-4D67-B15B-89CD95E34B2A}.Release|x86.ActiveCfg = Release|x86
		{29EE2249-EECA-4D67-B15B-89CD95E34B2A}.Release|x86.Build.0 = Release|x86
		{55B4F0AE-6550-4907-A34C-57508C859CAC}.Debug|Any CPU.ActiveCfg = Debug|Any CPU
		{55B4F0AE-6550-4907-A34C-57508C859CAC}.Debug|Any CPU.Build.0 = Debug|Any CPU
		{55B4F0AE-6550-4907-A34C-57508C859CAC}.Debug|x64.ActiveCfg = Debug|x64
		{55B4F0AE-6550-4907-A34C-57508C859CAC}.Debug|x64.Build.0 = Debug|x64
		{55B4F0AE-6550-4907-A34C-57508C859CAC}.Debug|x86.ActiveCfg = Debug|x86
		{55B4F0AE-6550-4907-A34C-57508C859CAC}.Debug|x86.Build.0 = Debug|x86
		{55B4F0AE-6550-4907-A34C-57508C859CAC}.Release|Any CPU.ActiveCfg = Release|Any CPU
		{55B4F0AE-6550-4907-A34C-57508C859CAC}.Release|Any CPU.Build.0 = Release|Any CPU
		{55B4F0AE-6550-4907-A34C-57508C859CAC}.Release|x64.ActiveCfg = Release|x64
		{55B4F0AE-6550-4907-A34C-57508C859CAC}.Release|x64.Build.0 = Release|x64
		{55B4F0AE-6550-4907-A34C-57508C859CAC}.Release|x86.ActiveCfg = Release|x86
		{55B4F0AE-6550-4907-A34C-57508C859CAC}.Release|x86.Build.0 = Release|x86
		{3019FE4B-70BB-457E-A811-26B277F0F321}.Debug|Any CPU.ActiveCfg = Debug|Any CPU
		{3019FE4B-70BB-457E-A811-26B277F0F321}.Debug|Any CPU.Build.0 = Debug|Any CPU
		{3019FE4B-70BB-457E-A811-26B277F0F321}.Debug|x64.ActiveCfg = Debug|x64
		{3019FE4B-70BB-457E-A811-26B277F0F321}.Debug|x64.Build.0 = Debug|x64
		{3019FE4B-70BB-457E-A811-26B277F0F321}.Debug|x86.ActiveCfg = Debug|x86
		{3019FE4B-70BB-457E-A811-26B277F0F321}.Debug|x86.Build.0 = Debug|x86
		{3019FE4B-70BB-457E-A811-26B277F0F321}.Release|Any CPU.ActiveCfg = Release|Any CPU
		{3019FE4B-70BB-457E-A811-26B277F0F321}.Release|Any CPU.Build.0 = Release|Any CPU
		{3019FE4B-70BB-457E-A811-26B277F0F321}.Release|x64.ActiveCfg = Release|x64
		{3019FE4B-70BB-457E-A811-26B277F0F321}.Release|x64.Build.0 = Release|x64
		{3019FE4B-70BB-457E-A811-26B277F0F321}.Release|x86.ActiveCfg = Release|x86
		{3019FE4B-70BB-457E-A811-26B277F0F321}.Release|x86.Build.0 = Release|x86
		{22D10D67-A965-4DE1-8873-3FE7002A6685}.Debug|Any CPU.ActiveCfg = Debug|Any CPU
		{22D10D67-A965-4DE1-8873-3FE7002A6685}.Debug|Any CPU.Build.0 = Debug|Any CPU
		{22D10D67-A965-4DE1-8873-3FE7002A6685}.Debug|x64.ActiveCfg = Debug|x64
		{22D10D67-A965-4DE1-8873-3FE7002A6685}.Debug|x64.Build.0 = Debug|x64
		{22D10D67-A965-4DE1-8873-3FE7002A6685}.Debug|x86.ActiveCfg = Debug|x86
		{22D10D67-A965-4DE1-8873-3FE7002A6685}.Debug|x86.Build.0 = Debug|x86
		{22D10D67-A965-4DE1-8873-3FE7002A6685}.Release|Any CPU.ActiveCfg = Release|Any CPU
		{22D10D67-A965-4DE1-8873-3FE7002A6685}.Release|Any CPU.Build.0 = Release|Any CPU
		{22D10D67-A965-4DE1-8873-3FE7002A6685}.Release|x64.ActiveCfg = Release|x64
		{22D10D67-A965-4DE1-8873-3FE7002A6685}.Release|x64.Build.0 = Release|x64
		{22D10D67-A965-4DE1-8873-3FE7002A6685}.Release|x86.ActiveCfg = Release|x86
		{22D10D67-A965-4DE1-8873-3FE7002A6685}.Release|x86.Build.0 = Release|x86
	EndGlobalSection
	GlobalSection(SolutionProperties) = preSolution
		HideSolutionNode = FALSE
	EndGlobalSection
EndGlobal
