
Microsoft Visual Studio Solution File, Format Version 12.00
# Visual Studio 15
VisualStudioVersion = 15.0.25928.0
MinimumVisualStudioVersion = 10.0.40219.1
Project("{FAE04EC0-301F-11D3-BF4B-00C04F79EFBC}") = "AmplifierOfTypes", "AmplifierOfTypes\AmplifierOfTypes.csproj", "{D05B6C35-420A-4FB1-B351-8554AAF853C2}"
EndProject
Project("{FAE04EC0-301F-11D3-BF4B-00C04F79EFBC}") = "AmplifiedFuncType", "AmplifiedFuncType\AmplifiedFuncType.csproj", "{61670999-D670-42F8-B31B-8418F13FE906}"
EndProject
Project("{FAE04EC0-301F-11D3-BF4B-00C04F79EFBC}") = "HigherOrderProgramming", "HigherOrderProgramming\HigherOrderProgramming.csproj", "{FE2BD8C0-2FFB-4DEB-A01E-1E6041BD2789}"
EndProject
Project("{FAE04EC0-301F-11D3-BF4B-00C04F79EFBC}") = "GeneratingMonadInCSharp", "GeneratingMonadInCSharp\GeneratingMonadInCSharp.csproj", "{2AF5F833-C23B-4185-86DD-F9B95158C91A}"
EndProject
Global
	GlobalSection(SolutionConfigurationPlatforms) = preSolution
		Debug|Any CPU = Debug|Any CPU
		Release|Any CPU = Release|Any CPU
	EndGlobalSection
	GlobalSection(ProjectConfigurationPlatforms) = postSolution
		{D05B6C35-420A-4FB1-B351-8554AAF853C2}.Debug|Any CPU.ActiveCfg = Debug|Any CPU
		{D05B6C35-420A-4FB1-B351-8554AAF853C2}.Debug|Any CPU.Build.0 = Debug|Any CPU
		{D05B6C35-420A-4FB1-B351-8554AAF853C2}.Release|Any CPU.ActiveCfg = Release|Any CPU
		{D05B6C35-420A-4FB1-B351-8554AAF853C2}.Release|Any CPU.Build.0 = Release|Any CPU
		{61670999-D670-42F8-B31B-8418F13FE906}.Debug|Any CPU.ActiveCfg = Debug|Any CPU
		{61670999-D670-42F8-B31B-8418F13FE906}.Debug|Any CPU.Build.0 = Debug|Any CPU
		{61670999-D670-42F8-B31B-8418F13FE906}.Release|Any CPU.ActiveCfg = Release|Any CPU
		{61670999-D670-42F8-B31B-8418F13FE906}.Release|Any CPU.Build.0 = Release|Any CPU
		{FE2BD8C0-2FFB-4DEB-A01E-1E6041BD2789}.Debug|Any CPU.ActiveCfg = Debug|Any CPU
		{FE2BD8C0-2FFB-4DEB-A01E-1E6041BD2789}.Debug|Any CPU.Build.0 = Debug|Any CPU
		{FE2BD8C0-2FFB-4DEB-A01E-1E6041BD2789}.Release|Any CPU.ActiveCfg = Release|Any CPU
		{FE2BD8C0-2FFB-4DEB-A01E-1E6041BD2789}.Release|Any CPU.Build.0 = Release|Any CPU
		{2AF5F833-C23B-4185-86DD-F9B95158C91A}.Debug|Any CPU.ActiveCfg = Debug|Any CPU
		{2AF5F833-C23B-4185-86DD-F9B95158C91A}.Debug|Any CPU.Build.0 = Debug|Any CPU
		{2AF5F833-C23B-4185-86DD-F9B95158C91A}.Release|Any CPU.ActiveCfg = Release|Any CPU
		{2AF5F833-C23B-4185-86DD-F9B95158C91A}.Release|Any CPU.Build.0 = Release|Any CPU
	EndGlobalSection
	GlobalSection(SolutionProperties) = preSolution
		HideSolutionNode = FALSE
	EndGlobalSection
EndGlobal
