
Microsoft Visual Studio Solution File, Format Version 12.00
# Visual Studio 15
VisualStudioVersion = 15.0.26014.0
MinimumVisualStudioVersion = 10.0.40219.1
Project("{FAE04EC0-301F-11D3-BF4B-00C04F79EFBC}") = "AmplifiedFuncType", "AmplifiedFuncType\AmplifiedFuncType.csproj", "{88D56A6B-CD41-4A0D-BBEB-AF3561A6EEB8}"
EndProject
Project("{FAE04EC0-301F-11D3-BF4B-00C04F79EFBC}") = "AmplifierOfTypes", "AmplifierOfTypes\AmplifierOfTypes.csproj", "{505B16D2-AE62-4784-830E-B2EC9A19D8C2}"
EndProject
Project("{FAE04EC0-301F-11D3-BF4B-00C04F79EFBC}") = "GeneratingMonadInCSharp", "GeneratingMonadInCSharp\GeneratingMonadInCSharp.csproj", "{AE5833E7-E6DE-4097-8FB6-2E98441AD083}"
EndProject
Global
	GlobalSection(SolutionConfigurationPlatforms) = preSolution
		Debug|Any CPU = Debug|Any CPU
		Debug|x64 = Debug|x64
		Debug|x86 = Debug|x86
		Release|Any CPU = Release|Any CPU
		Release|x64 = Release|x64
		Release|x86 = Release|x86
	EndGlobalSection
	GlobalSection(ProjectConfigurationPlatforms) = postSolution
		{88D56A6B-CD41-4A0D-BBEB-AF3561A6EEB8}.Debug|Any CPU.ActiveCfg = Debug|Any CPU
		{88D56A6B-CD41-4A0D-BBEB-AF3561A6EEB8}.Debug|Any CPU.Build.0 = Debug|Any CPU
		{88D56A6B-CD41-4A0D-BBEB-AF3561A6EEB8}.Debug|x64.ActiveCfg = Debug|x64
		{88D56A6B-CD41-4A0D-BBEB-AF3561A6EEB8}.Debug|x64.Build.0 = Debug|x64
		{88D56A6B-CD41-4A0D-BBEB-AF3561A6EEB8}.Debug|x86.ActiveCfg = Debug|x86
		{88D56A6B-CD41-4A0D-BBEB-AF3561A6EEB8}.Debug|x86.Build.0 = Debug|x86
		{88D56A6B-CD41-4A0D-BBEB-AF3561A6EEB8}.Release|Any CPU.ActiveCfg = Release|Any CPU
		{88D56A6B-CD41-4A0D-BBEB-AF3561A6EEB8}.Release|Any CPU.Build.0 = Release|Any CPU
		{88D56A6B-CD41-4A0D-BBEB-AF3561A6EEB8}.Release|x64.ActiveCfg = Release|x64
		{88D56A6B-CD41-4A0D-BBEB-AF3561A6EEB8}.Release|x64.Build.0 = Release|x64
		{88D56A6B-CD41-4A0D-BBEB-AF3561A6EEB8}.Release|x86.ActiveCfg = Release|x86
		{88D56A6B-CD41-4A0D-BBEB-AF3561A6EEB8}.Release|x86.Build.0 = Release|x86
		{505B16D2-AE62-4784-830E-B2EC9A19D8C2}.Debug|Any CPU.ActiveCfg = Debug|Any CPU
		{505B16D2-AE62-4784-830E-B2EC9A19D8C2}.Debug|Any CPU.Build.0 = Debug|Any CPU
		{505B16D2-AE62-4784-830E-B2EC9A19D8C2}.Debug|x64.ActiveCfg = Debug|x64
		{505B16D2-AE62-4784-830E-B2EC9A19D8C2}.Debug|x64.Build.0 = Debug|x64
		{505B16D2-AE62-4784-830E-B2EC9A19D8C2}.Debug|x86.ActiveCfg = Debug|x86
		{505B16D2-AE62-4784-830E-B2EC9A19D8C2}.Debug|x86.Build.0 = Debug|x86
		{505B16D2-AE62-4784-830E-B2EC9A19D8C2}.Release|Any CPU.ActiveCfg = Release|Any CPU
		{505B16D2-AE62-4784-830E-B2EC9A19D8C2}.Release|Any CPU.Build.0 = Release|Any CPU
		{505B16D2-AE62-4784-830E-B2EC9A19D8C2}.Release|x64.ActiveCfg = Release|x64
		{505B16D2-AE62-4784-830E-B2EC9A19D8C2}.Release|x64.Build.0 = Release|x64
		{505B16D2-AE62-4784-830E-B2EC9A19D8C2}.Release|x86.ActiveCfg = Release|x86
		{505B16D2-AE62-4784-830E-B2EC9A19D8C2}.Release|x86.Build.0 = Release|x86
		{AE5833E7-E6DE-4097-8FB6-2E98441AD083}.Debug|Any CPU.ActiveCfg = Debug|Any CPU
		{AE5833E7-E6DE-4097-8FB6-2E98441AD083}.Debug|Any CPU.Build.0 = Debug|Any CPU
		{AE5833E7-E6DE-4097-8FB6-2E98441AD083}.Debug|x64.ActiveCfg = Debug|x64
		{AE5833E7-E6DE-4097-8FB6-2E98441AD083}.Debug|x64.Build.0 = Debug|x64
		{AE5833E7-E6DE-4097-8FB6-2E98441AD083}.Debug|x86.ActiveCfg = Debug|x86
		{AE5833E7-E6DE-4097-8FB6-2E98441AD083}.Debug|x86.Build.0 = Debug|x86
		{AE5833E7-E6DE-4097-8FB6-2E98441AD083}.Release|Any CPU.ActiveCfg = Release|Any CPU
		{AE5833E7-E6DE-4097-8FB6-2E98441AD083}.Release|Any CPU.Build.0 = Release|Any CPU
		{AE5833E7-E6DE-4097-8FB6-2E98441AD083}.Release|x64.ActiveCfg = Release|x64
		{AE5833E7-E6DE-4097-8FB6-2E98441AD083}.Release|x64.Build.0 = Release|x64
		{AE5833E7-E6DE-4097-8FB6-2E98441AD083}.Release|x86.ActiveCfg = Release|x86
		{AE5833E7-E6DE-4097-8FB6-2E98441AD083}.Release|x86.Build.0 = Release|x86
	EndGlobalSection
	GlobalSection(SolutionProperties) = preSolution
		HideSolutionNode = FALSE
	EndGlobalSection
EndGlobal
