
Microsoft Visual Studio Solution File, Format Version 12.00
# Visual Studio 15
VisualStudioVersion = 15.0.25928.0
MinimumVisualStudioVersion = 10.0.40219.1
Project("{FAE04EC0-301F-11D3-BF4B-00C04F79EFBC}") = "ImperativeCode", "ImperativeCode\ImperativeCode.csproj", "{042074F0-7F6A-46FE-AF0B-167E4A6F41F5}"
EndProject
Project("{FAE04EC0-301F-11D3-BF4B-00C04F79EFBC}") = "FunctionalCode", "FunctionalCode\FunctionalCode.csproj", "{7EDDA960-F60D-408F-B0FF-E886B10875E2}"
EndProject
Global
	GlobalSection(SolutionConfigurationPlatforms) = preSolution
		Debug|Any CPU = Debug|Any CPU
		Release|Any CPU = Release|Any CPU
	EndGlobalSection
	GlobalSection(ProjectConfigurationPlatforms) = postSolution
		{042074F0-7F6A-46FE-AF0B-167E4A6F41F5}.Debug|Any CPU.ActiveCfg = Debug|Any CPU
		{042074F0-7F6A-46FE-AF0B-167E4A6F41F5}.Debug|Any CPU.Build.0 = Debug|Any CPU
		{042074F0-7F6A-46FE-AF0B-167E4A6F41F5}.Release|Any CPU.ActiveCfg = Release|Any CPU
		{042074F0-7F6A-46FE-AF0B-167E4A6F41F5}.Release|Any CPU.Build.0 = Release|Any CPU
		{7EDDA960-F60D-408F-B0FF-E886B10875E2}.Debug|Any CPU.ActiveCfg = Debug|Any CPU
		{7EDDA960-F60D-408F-B0FF-E886B10875E2}.Debug|Any CPU.Build.0 = Debug|Any CPU
		{7EDDA960-F60D-408F-B0FF-E886B10875E2}.Release|Any CPU.ActiveCfg = Release|Any CPU
		{7EDDA960-F60D-408F-B0FF-E886B10875E2}.Release|Any CPU.Build.0 = Release|Any CPU
	EndGlobalSection
	GlobalSection(SolutionProperties) = preSolution
		HideSolutionNode = FALSE
	EndGlobalSection
EndGlobal
