
Microsoft Visual Studio Solution File, Format Version 12.00
# Visual Studio 15
VisualStudioVersion = 15.0.25928.0
MinimumVisualStudioVersion = 10.0.40219.1
Project("{FAE04EC0-301F-11D3-BF4B-00C04F79EFBC}") = "SequencesAndElements", "SequencesAndElements\SequencesAndElements.csproj", "{D01E1944-F7EE-41AB-AB04-33AF23D3FDDA}"
EndProject
Project("{FAE04EC0-301F-11D3-BF4B-00C04F79EFBC}") = "DeferredExecution", "DeferredExecution\DeferredExecution.csproj", "{07336E3A-64F5-4708-A303-2EE7D02B874E}"
EndProject
Project("{FAE04EC0-301F-11D3-BF4B-00C04F79EFBC}") = "NonDeferredExecution", "NonDeferredExecution\NonDeferredExecution.csproj", "{5759CFC8-D5D5-43E4-8E07-4B967DC3F43E}"
EndProject
Global
	GlobalSection(SolutionConfigurationPlatforms) = preSolution
		Debug|Any CPU = Debug|Any CPU
		Release|Any CPU = Release|Any CPU
	EndGlobalSection
	GlobalSection(ProjectConfigurationPlatforms) = postSolution
		{D01E1944-F7EE-41AB-AB04-33AF23D3FDDA}.Debug|Any CPU.ActiveCfg = Debug|Any CPU
		{D01E1944-F7EE-41AB-AB04-33AF23D3FDDA}.Debug|Any CPU.Build.0 = Debug|Any CPU
		{D01E1944-F7EE-41AB-AB04-33AF23D3FDDA}.Release|Any CPU.ActiveCfg = Release|Any CPU
		{D01E1944-F7EE-41AB-AB04-33AF23D3FDDA}.Release|Any CPU.Build.0 = Release|Any CPU
		{07336E3A-64F5-4708-A303-2EE7D02B874E}.Debug|Any CPU.ActiveCfg = Debug|Any CPU
		{07336E3A-64F5-4708-A303-2EE7D02B874E}.Debug|Any CPU.Build.0 = Debug|Any CPU
		{07336E3A-64F5-4708-A303-2EE7D02B874E}.Release|Any CPU.ActiveCfg = Release|Any CPU
		{07336E3A-64F5-4708-A303-2EE7D02B874E}.Release|Any CPU.Build.0 = Release|Any CPU
		{5759CFC8-D5D5-43E4-8E07-4B967DC3F43E}.Debug|Any CPU.ActiveCfg = Debug|Any CPU
		{5759CFC8-D5D5-43E4-8E07-4B967DC3F43E}.Debug|Any CPU.Build.0 = Debug|Any CPU
		{5759CFC8-D5D5-43E4-8E07-4B967DC3F43E}.Release|Any CPU.ActiveCfg = Release|Any CPU
		{5759CFC8-D5D5-43E4-8E07-4B967DC3F43E}.Release|Any CPU.Build.0 = Release|Any CPU
	EndGlobalSection
	GlobalSection(SolutionProperties) = preSolution
		HideSolutionNode = FALSE
	EndGlobalSection
EndGlobal
