
Microsoft Visual Studio Solution File, Format Version 12.00
# Visual Studio 15
VisualStudioVersion = 15.0.25928.0
MinimumVisualStudioVersion = 10.0.40219.1
Project("{FAE04EC0-301F-11D3-BF4B-00C04F79EFBC}") = "ExtendingStaticClass", "ExtendingStaticClass\ExtendingStaticClass.csproj", "{1388E9D8-5925-4E33-AE92-4614B14E4359}"
EndProject
Project("{FAE04EC0-301F-11D3-BF4B-00C04F79EFBC}") = "ModifyingExistingMethod", "ModifyingExistingMethod\ModifyingExistingMethod.csproj", "{3884D583-0AFC-4652-8F2C-7E7CFD634D24}"
EndProject
Global
	GlobalSection(SolutionConfigurationPlatforms) = preSolution
		Debug|Any CPU = Debug|Any CPU
		Release|Any CPU = Release|Any CPU
	EndGlobalSection
	GlobalSection(ProjectConfigurationPlatforms) = postSolution
		{1388E9D8-5925-4E33-AE92-4614B14E4359}.Debug|Any CPU.ActiveCfg = Debug|Any CPU
		{1388E9D8-5925-4E33-AE92-4614B14E4359}.Debug|Any CPU.Build.0 = Debug|Any CPU
		{1388E9D8-5925-4E33-AE92-4614B14E4359}.Release|Any CPU.ActiveCfg = Release|Any CPU
		{1388E9D8-5925-4E33-AE92-4614B14E4359}.Release|Any CPU.Build.0 = Release|Any CPU
		{3884D583-0AFC-4652-8F2C-7E7CFD634D24}.Debug|Any CPU.ActiveCfg = Debug|Any CPU
		{3884D583-0AFC-4652-8F2C-7E7CFD634D24}.Debug|Any CPU.Build.0 = Debug|Any CPU
		{3884D583-0AFC-4652-8F2C-7E7CFD634D24}.Release|Any CPU.ActiveCfg = Release|Any CPU
		{3884D583-0AFC-4652-8F2C-7E7CFD634D24}.Release|Any CPU.Build.0 = Release|Any CPU
	EndGlobalSection
	GlobalSection(SolutionProperties) = preSolution
		HideSolutionNode = FALSE
	EndGlobalSection
EndGlobal
