
Microsoft Visual Studio Solution File, Format Version 12.00
# Visual Studio 15
VisualStudioVersion = 15.0.25928.0
MinimumVisualStudioVersion = 10.0.40219.1
Project("{FAE04EC0-301F-11D3-BF4B-00C04F79EFBC}") = "NestedMethodCalls", "NestedMethodCalls\NestedMethodCalls.csproj", "{117927E9-E6D7-445B-8C4F-750EA4B6F7F8}"
EndProject
Project("{FAE04EC0-301F-11D3-BF4B-00C04F79EFBC}") = "Pipelining", "Pipelining\Pipelining.csproj", "{9C76DA35-3B2B-4E45-A965-68E6116B9141}"
EndProject
Global
	GlobalSection(SolutionConfigurationPlatforms) = preSolution
		Debug|Any CPU = Debug|Any CPU
		Release|Any CPU = Release|Any CPU
	EndGlobalSection
	GlobalSection(ProjectConfigurationPlatforms) = postSolution
		{117927E9-E6D7-445B-8C4F-750EA4B6F7F8}.Debug|Any CPU.ActiveCfg = Debug|Any CPU
		{117927E9-E6D7-445B-8C4F-750EA4B6F7F8}.Debug|Any CPU.Build.0 = Debug|Any CPU
		{117927E9-E6D7-445B-8C4F-750EA4B6F7F8}.Release|Any CPU.ActiveCfg = Release|Any CPU
		{117927E9-E6D7-445B-8C4F-750EA4B6F7F8}.Release|Any CPU.Build.0 = Release|Any CPU
		{9C76DA35-3B2B-4E45-A965-68E6116B9141}.Debug|Any CPU.ActiveCfg = Debug|Any CPU
		{9C76DA35-3B2B-4E45-A965-68E6116B9141}.Debug|Any CPU.Build.0 = Debug|Any CPU
		{9C76DA35-3B2B-4E45-A965-68E6116B9141}.Release|Any CPU.ActiveCfg = Release|Any CPU
		{9C76DA35-3B2B-4E45-A965-68E6116B9141}.Release|Any CPU.Build.0 = Release|Any CPU
	EndGlobalSection
	GlobalSection(SolutionProperties) = preSolution
		HideSolutionNode = FALSE
	EndGlobalSection
EndGlobal
