
Microsoft Visual Studio Solution File, Format Version 12.00
# Visual Studio 15
VisualStudioVersion = 15.0.25928.0
MinimumVisualStudioVersion = 10.0.40219.1
Project("{FAE04EC0-301F-11D3-BF4B-00C04F79EFBC}") = "Palindrome", "Palindrome\Palindrome.csproj", "{A2690F06-A7D4-474C-9EA6-9EBCC3C6409A}"
EndProject
Project("{FAE04EC0-301F-11D3-BF4B-00C04F79EFBC}") = "PiggybackNamespace", "PiggybackNamespace\PiggybackNamespace.csproj", "{EE7D3E12-8005-4770-9880-0E062954CFCB}"
EndProject
Global
	GlobalSection(SolutionConfigurationPlatforms) = preSolution
		Debug|Any CPU = Debug|Any CPU
		Release|Any CPU = Release|Any CPU
	EndGlobalSection
	GlobalSection(ProjectConfigurationPlatforms) = postSolution
		{A2690F06-A7D4-474C-9EA6-9EBCC3C6409A}.Debug|Any CPU.ActiveCfg = Debug|Any CPU
		{A2690F06-A7D4-474C-9EA6-9EBCC3C6409A}.Debug|Any CPU.Build.0 = Debug|Any CPU
		{A2690F06-A7D4-474C-9EA6-9EBCC3C6409A}.Release|Any CPU.ActiveCfg = Release|Any CPU
		{A2690F06-A7D4-474C-9EA6-9EBCC3C6409A}.Release|Any CPU.Build.0 = Release|Any CPU
		{EE7D3E12-8005-4770-9880-0E062954CFCB}.Debug|Any CPU.ActiveCfg = Debug|Any CPU
		{EE7D3E12-8005-4770-9880-0E062954CFCB}.Debug|Any CPU.Build.0 = Debug|Any CPU
		{EE7D3E12-8005-4770-9880-0E062954CFCB}.Release|Any CPU.ActiveCfg = Release|Any CPU
		{EE7D3E12-8005-4770-9880-0E062954CFCB}.Release|Any CPU.Build.0 = Release|Any CPU
	EndGlobalSection
	GlobalSection(SolutionProperties) = preSolution
		HideSolutionNode = FALSE
	EndGlobalSection
EndGlobal
