
Microsoft Visual Studio Solution File, Format Version 12.00
# Visual Studio 15
VisualStudioVersion = 15.0.26014.0
MinimumVisualStudioVersion = 10.0.40219.1
Project("{FAE04EC0-301F-11D3-BF4B-00C04F79EFBC}") = "PiggybackingNamespace", "PiggybackingNamespace\PiggybackingNamespace.csproj", "{581C3EC3-49CA-45F0-9DA0-F71BFFD030C4}"
EndProject
Project("{FAE04EC0-301F-11D3-BF4B-00C04F79EFBC}") = "PiggybackingNamespaceLib", "PiggybackingNamespaceLib\PiggybackingNamespaceLib.csproj", "{937E25CC-4C92-4FDC-ADB1-5DEA6B55F833}"
EndProject
Project("{FAE04EC0-301F-11D3-BF4B-00C04F79EFBC}") = "ReferencingNamespace", "ReferencingNamespace\ReferencingNamespace.csproj", "{297F4F5B-6F4D-48BE-BAF5-12940D944EE4}"
EndProject
Project("{FAE04EC0-301F-11D3-BF4B-00C04F79EFBC}") = "ReferencingNamespaceLib", "ReferencingNamespaceLib\ReferencingNamespaceLib.csproj", "{6A471B27-F112-4E65-B1CF-E0BE85F06AF8}"
EndProject
Global
	GlobalSection(SolutionConfigurationPlatforms) = preSolution
		Debug|Any CPU = Debug|Any CPU
		Debug|x64 = Debug|x64
		Debug|x86 = Debug|x86
		Release|Any CPU = Release|Any CPU
		Release|x64 = Release|x64
		Release|x86 = Release|x86
	EndGlobalSection
	GlobalSection(ProjectConfigurationPlatforms) = postSolution
		{581C3EC3-49CA-45F0-9DA0-F71BFFD030C4}.Debug|Any CPU.ActiveCfg = Debug|Any CPU
		{581C3EC3-49CA-45F0-9DA0-F71BFFD030C4}.Debug|Any CPU.Build.0 = Debug|Any CPU
		{581C3EC3-49CA-45F0-9DA0-F71BFFD030C4}.Debug|x64.ActiveCfg = Debug|x64
		{581C3EC3-49CA-45F0-9DA0-F71BFFD030C4}.Debug|x64.Build.0 = Debug|x64
		{581C3EC3-49CA-45F0-9DA0-F71BFFD030C4}.Debug|x86.ActiveCfg = Debug|x86
		{581C3EC3-49CA-45F0-9DA0-F71BFFD030C4}.Debug|x86.Build.0 = Debug|x86
		{581C3EC3-49CA-45F0-9DA0-F71BFFD030C4}.Release|Any CPU.ActiveCfg = Release|Any CPU
		{581C3EC3-49CA-45F0-9DA0-F71BFFD030C4}.Release|Any CPU.Build.0 = Release|Any CPU
		{581C3EC3-49CA-45F0-9DA0-F71BFFD030C4}.Release|x64.ActiveCfg = Release|x64
		{581C3EC3-49CA-45F0-9DA0-F71BFFD030C4}.Release|x64.Build.0 = Release|x64
		{581C3EC3-49CA-45F0-9DA0-F71BFFD030C4}.Release|x86.ActiveCfg = Release|x86
		{581C3EC3-49CA-45F0-9DA0-F71BFFD030C4}.Release|x86.Build.0 = Release|x86
		{937E25CC-4C92-4FDC-ADB1-5DEA6B55F833}.Debug|Any CPU.ActiveCfg = Debug|Any CPU
		{937E25CC-4C92-4FDC-ADB1-5DEA6B55F833}.Debug|Any CPU.Build.0 = Debug|Any CPU
		{937E25CC-4C92-4FDC-ADB1-5DEA6B55F833}.Debug|x64.ActiveCfg = Debug|x64
		{937E25CC-4C92-4FDC-ADB1-5DEA6B55F833}.Debug|x64.Build.0 = Debug|x64
		{937E25CC-4C92-4FDC-ADB1-5DEA6B55F833}.Debug|x86.ActiveCfg = Debug|x86
		{937E25CC-4C92-4FDC-ADB1-5DEA6B55F833}.Debug|x86.Build.0 = Debug|x86
		{937E25CC-4C92-4FDC-ADB1-5DEA6B55F833}.Release|Any CPU.ActiveCfg = Release|Any CPU
		{937E25CC-4C92-4FDC-ADB1-5DEA6B55F833}.Release|Any CPU.Build.0 = Release|Any CPU
		{937E25CC-4C92-4FDC-ADB1-5DEA6B55F833}.Release|x64.ActiveCfg = Release|x64
		{937E25CC-4C92-4FDC-ADB1-5DEA6B55F833}.Release|x64.Build.0 = Release|x64
		{937E25CC-4C92-4FDC-ADB1-5DEA6B55F833}.Release|x86.ActiveCfg = Release|x86
		{937E25CC-4C92-4FDC-ADB1-5DEA6B55F833}.Release|x86.Build.0 = Release|x86
		{297F4F5B-6F4D-48BE-BAF5-12940D944EE4}.Debug|Any CPU.ActiveCfg = Debug|Any CPU
		{297F4F5B-6F4D-48BE-BAF5-12940D944EE4}.Debug|Any CPU.Build.0 = Debug|Any CPU
		{297F4F5B-6F4D-48BE-BAF5-12940D944EE4}.Debug|x64.ActiveCfg = Debug|x64
		{297F4F5B-6F4D-48BE-BAF5-12940D944EE4}.Debug|x64.Build.0 = Debug|x64
		{297F4F5B-6F4D-48BE-BAF5-12940D944EE4}.Debug|x86.ActiveCfg = Debug|x86
		{297F4F5B-6F4D-48BE-BAF5-12940D944EE4}.Debug|x86.Build.0 = Debug|x86
		{297F4F5B-6F4D-48BE-BAF5-12940D944EE4}.Release|Any CPU.ActiveCfg = Release|Any CPU
		{297F4F5B-6F4D-48BE-BAF5-12940D944EE4}.Release|Any CPU.Build.0 = Release|Any CPU
		{297F4F5B-6F4D-48BE-BAF5-12940D944EE4}.Release|x64.ActiveCfg = Release|x64
		{297F4F5B-6F4D-48BE-BAF5-12940D944EE4}.Release|x64.Build.0 = Release|x64
		{297F4F5B-6F4D-48BE-BAF5-12940D944EE4}.Release|x86.ActiveCfg = Release|x86
		{297F4F5B-6F4D-48BE-BAF5-12940D944EE4}.Release|x86.Build.0 = Release|x86
		{6A471B27-F112-4E65-B1CF-E0BE85F06AF8}.Debug|Any CPU.ActiveCfg = Debug|Any CPU
		{6A471B27-F112-4E65-B1CF-E0BE85F06AF8}.Debug|Any CPU.Build.0 = Debug|Any CPU
		{6A471B27-F112-4E65-B1CF-E0BE85F06AF8}.Debug|x64.ActiveCfg = Debug|x64
		{6A471B27-F112-4E65-B1CF-E0BE85F06AF8}.Debug|x64.Build.0 = Debug|x64
		{6A471B27-F112-4E65-B1CF-E0BE85F06AF8}.Debug|x86.ActiveCfg = Debug|x86
		{6A471B27-F112-4E65-B1CF-E0BE85F06AF8}.Debug|x86.Build.0 = Debug|x86
		{6A471B27-F112-4E65-B1CF-E0BE85F06AF8}.Release|Any CPU.ActiveCfg = Release|Any CPU
		{6A471B27-F112-4E65-B1CF-E0BE85F06AF8}.Release|Any CPU.Build.0 = Release|Any CPU
		{6A471B27-F112-4E65-B1CF-E0BE85F06AF8}.Release|x64.ActiveCfg = Release|x64
		{6A471B27-F112-4E65-B1CF-E0BE85F06AF8}.Release|x64.Build.0 = Release|x64
		{6A471B27-F112-4E65-B1CF-E0BE85F06AF8}.Release|x86.ActiveCfg = Release|x86
		{6A471B27-F112-4E65-B1CF-E0BE85F06AF8}.Release|x86.Build.0 = Release|x86
	EndGlobalSection
	GlobalSection(SolutionProperties) = preSolution
		HideSolutionNode = FALSE
	EndGlobalSection
EndGlobal
