
Microsoft Visual Studio Solution File, Format Version 12.00
# Visual Studio 15
VisualStudioVersion = 15.0.25928.0
MinimumVisualStudioVersion = 10.0.40219.1
Project("{FAE04EC0-301F-11D3-BF4B-00C04F79EFBC}") = "FuncObject", "FuncObject\FuncObject.csproj", "{180C6CAC-046D-4615-8234-A324E5752A1F}"
EndProject
Project("{FAE04EC0-301F-11D3-BF4B-00C04F79EFBC}") = "FuncAssignToMethod", "FuncAssignToMethod\FuncAssignToMethod.csproj", "{E5A15C88-8600-4BBF-BAA4-F6899238B643}"
EndProject
Global
	GlobalSection(SolutionConfigurationPlatforms) = preSolution
		Debug|Any CPU = Debug|Any CPU
		Release|Any CPU = Release|Any CPU
	EndGlobalSection
	GlobalSection(ProjectConfigurationPlatforms) = postSolution
		{180C6CAC-046D-4615-8234-A324E5752A1F}.Debug|Any CPU.ActiveCfg = Debug|Any CPU
		{180C6CAC-046D-4615-8234-A324E5752A1F}.Debug|Any CPU.Build.0 = Debug|Any CPU
		{180C6CAC-046D-4615-8234-A324E5752A1F}.Release|Any CPU.ActiveCfg = Release|Any CPU
		{180C6CAC-046D-4615-8234-A324E5752A1F}.Release|Any CPU.Build.0 = Release|Any CPU
		{E5A15C88-8600-4BBF-BAA4-F6899238B643}.Debug|Any CPU.ActiveCfg = Debug|Any CPU
		{E5A15C88-8600-4BBF-BAA4-F6899238B643}.Debug|Any CPU.Build.0 = Debug|Any CPU
		{E5A15C88-8600-4BBF-BAA4-F6899238B643}.Release|Any CPU.ActiveCfg = Release|Any CPU
		{E5A15C88-8600-4BBF-BAA4-F6899238B643}.Release|Any CPU.Build.0 = Release|Any CPU
	EndGlobalSection
	GlobalSection(SolutionProperties) = preSolution
		HideSolutionNode = FALSE
	EndGlobalSection
EndGlobal
